
Microsoft Visual Studio Solution File, Format Version 12.00
# Visual Studio Version 17
VisualStudioVersion = 17.2.32630.192
MinimumVisualStudioVersion = 10.0.40219.1
Project("{FAE04EC0-301F-11D3-BF4B-00C04F79EFBC}") = "IdentityServer", "IdentityServer\IdentityServer.csproj", "{7781F65E-FE2F-42F7-B76A-9BF942655898}"
EndProject
Global
	GlobalSection(SolutionConfigurationPlatforms) = preSolution
		Debug|Any CPU = Debug|Any CPU
		Release|Any CPU = Release|Any CPU
	EndGlobalSection
	GlobalSection(ProjectConfigurationPlatforms) = postSolution
		{7781F65E-FE2F-42F7-B76A-9BF942655898}.Debug|Any CPU.ActiveCfg = Debug|Any CPU
		{7781F65E-FE2F-42F7-B76A-9BF942655898}.Debug|Any CPU.Build.0 = Debug|Any CPU
		{7781F65E-FE2F-42F7-B76A-9BF942655898}.Release|Any CPU.ActiveCfg = Release|Any CPU
		{7781F65E-FE2F-42F7-B76A-9BF942655898}.Release|Any CPU.Build.0 = Release|Any CPU
	EndGlobalSection
	GlobalSection(SolutionProperties) = preSolution
		HideSolutionNode = FALSE
	EndGlobalSection
	GlobalSection(ExtensibilityGlobals) = postSolution
		SolutionGuid = {5694A32B-5AF5-4967-84D0-7EEC974318B0}
	EndGlobalSection
EndGlobal
